
Microsoft Visual Studio Solution File, Format Version 12.00
# Visual Studio 15
VisualStudioVersion = 15.0.27130.2027
MinimumVisualStudioVersion = 10.0.40219.1
Project("{FAE04EC0-301F-11D3-BF4B-00C04F79EFBC}") = "TheMusicLake", "TheMusicLake\TheMusicLake.csproj", "{80A72EA8-76DC-4432-84EC-057DF8D1539D}"
EndProject
Global
	GlobalSection(SolutionConfigurationPlatforms) = preSolution
		Debug|Any CPU = Debug|Any CPU
		Release|Any CPU = Release|Any CPU
	EndGlobalSection
	GlobalSection(ProjectConfigurationPlatforms) = postSolution
		{80A72EA8-76DC-4432-84EC-057DF8D1539D}.Debug|Any CPU.ActiveCfg = Debug|Any CPU
		{80A72EA8-76DC-4432-84EC-057DF8D1539D}.Debug|Any CPU.Build.0 = Debug|Any CPU
		{80A72EA8-76DC-4432-84EC-057DF8D1539D}.Release|Any CPU.ActiveCfg = Release|Any CPU
		{80A72EA8-76DC-4432-84EC-057DF8D1539D}.Release|Any CPU.Build.0 = Release|Any CPU
	EndGlobalSection
	GlobalSection(SolutionProperties) = preSolution
		HideSolutionNode = FALSE
	EndGlobalSection
	GlobalSection(ExtensibilityGlobals) = postSolution
		SolutionGuid = {BF5F1F28-A32D-482E-8100-880DBE3296DF}
	EndGlobalSection
EndGlobal
